
Microsoft Visual Studio Solution File, Format Version 12.00
# Visual Studio Version 16
VisualStudioVersion = 16.0.29414.127
MinimumVisualStudioVersion = 10.0.40219.1
Project("{9A19103F-16F7-4668-BE54-9A1E7A4F7556}") = "NetworkSim", "NetworkSim\NetworkSim.csproj", "{46CFDDDA-3B84-44EB-97A8-F266ABAD4A16}"
EndProject
Project("{FAE04EC0-301F-11D3-BF4B-00C04F79EFBC}") = "NetworkSimUI", "NetworkSimUI\NetworkSimUI.csproj", "{5BF28ECB-F616-4768-942B-8AE05E9AF986}"
EndProject
Project("{FAE04EC0-301F-11D3-BF4B-00C04F79EFBC}") = "NetworkSim.Core", "NetworkSim.Core\NetworkSim.Core.csproj", "{540551A4-541E-47E4-A5A0-39F0A81193C3}"
EndProject
Global
	GlobalSection(SolutionConfigurationPlatforms) = preSolution
		Debug|Any CPU = Debug|Any CPU
		Release|Any CPU = Release|Any CPU
	EndGlobalSection
	GlobalSection(ProjectConfigurationPlatforms) = postSolution
		{46CFDDDA-3B84-44EB-97A8-F266ABAD4A16}.Debug|Any CPU.ActiveCfg = Debug|Any CPU
		{46CFDDDA-3B84-44EB-97A8-F266ABAD4A16}.Debug|Any CPU.Build.0 = Debug|Any CPU
		{46CFDDDA-3B84-44EB-97A8-F266ABAD4A16}.Release|Any CPU.ActiveCfg = Release|Any CPU
		{46CFDDDA-3B84-44EB-97A8-F266ABAD4A16}.Release|Any CPU.Build.0 = Release|Any CPU
		{5BF28ECB-F616-4768-942B-8AE05E9AF986}.Debug|Any CPU.ActiveCfg = Debug|Any CPU
		{5BF28ECB-F616-4768-942B-8AE05E9AF986}.Debug|Any CPU.Build.0 = Debug|Any CPU
		{5BF28ECB-F616-4768-942B-8AE05E9AF986}.Release|Any CPU.ActiveCfg = Release|Any CPU
		{5BF28ECB-F616-4768-942B-8AE05E9AF986}.Release|Any CPU.Build.0 = Release|Any CPU
		{540551A4-541E-47E4-A5A0-39F0A81193C3}.Debug|Any CPU.ActiveCfg = Debug|Any CPU
		{540551A4-541E-47E4-A5A0-39F0A81193C3}.Debug|Any CPU.Build.0 = Debug|Any CPU
		{540551A4-541E-47E4-A5A0-39F0A81193C3}.Release|Any CPU.ActiveCfg = Release|Any CPU
		{540551A4-541E-47E4-A5A0-39F0A81193C3}.Release|Any CPU.Build.0 = Release|Any CPU
	EndGlobalSection
	GlobalSection(SolutionProperties) = preSolution
		HideSolutionNode = FALSE
	EndGlobalSection
	GlobalSection(ExtensibilityGlobals) = postSolution
		SolutionGuid = {E5BF0723-71FC-4F67-81E8-F674E50EDE44}
	EndGlobalSection
EndGlobal
